
Microsoft Visual Studio Solution File, Format Version 12.00
# Visual Studio Version 16
VisualStudioVersion = 16.0.33423.256
MinimumVisualStudioVersion = 10.0.40219.1
Project("{FAE04EC0-301F-11D3-BF4B-00C04F79EFBC}") = "HackerRank_AppleAndOrange", "HackerRank_AppleAndOrange\HackerRank_AppleAndOrange.csproj", "{FDC92DCE-584B-4D4A-AFB6-32759CA6258B}"
EndProject
Global
	GlobalSection(SolutionConfigurationPlatforms) = preSolution
		Debug|Any CPU = Debug|Any CPU
		Release|Any CPU = Release|Any CPU
	EndGlobalSection
	GlobalSection(ProjectConfigurationPlatforms) = postSolution
		{FDC92DCE-584B-4D4A-AFB6-32759CA6258B}.Debug|Any CPU.ActiveCfg = Debug|Any CPU
		{FDC92DCE-584B-4D4A-AFB6-32759CA6258B}.Debug|Any CPU.Build.0 = Debug|Any CPU
		{FDC92DCE-584B-4D4A-AFB6-32759CA6258B}.Release|Any CPU.ActiveCfg = Release|Any CPU
		{FDC92DCE-584B-4D4A-AFB6-32759CA6258B}.Release|Any CPU.Build.0 = Release|Any CPU
	EndGlobalSection
	GlobalSection(SolutionProperties) = preSolution
		HideSolutionNode = FALSE
	EndGlobalSection
	GlobalSection(ExtensibilityGlobals) = postSolution
		SolutionGuid = {C4BE5B66-F820-4E48-9134-1C9EBB21C408}
	EndGlobalSection
EndGlobal
